// !$*UTF8*$!
{
	archiveVersion = 1;
	classes = {
	};
	objectVersion = 56;
	objects = {

/* Begin PBXBuildFile section */
		CAA4E4702AF88C5700B6863E /* GradeTrackerApp.swift in Sources */ = {isa = PBXBuildFile; fileRef = CAA4E46F2AF88C5700B6863E /* GradeTrackerApp.swift */; };
		CAA4E4722AF88C5700B6863E /* RootScreen.swift in Sources */ = {isa = PBXBuildFile; fileRef = CAA4E4712AF88C5700B6863E /* RootScreen.swift */; };
		CAA4E4742AF88C5800B6863E /* Assets.xcassets in Resources */ = {isa = PBXBuildFile; fileRef = CAA4E4732AF88C5800B6863E /* Assets.xcassets */; };
		CAA4E4772AF88C5800B6863E /* Preview Assets.xcassets in Resources */ = {isa = PBXBuildFile; fileRef = CAA4E4762AF88C5800B6863E /* Preview Assets.xcassets */; };
		CAA4E4792AF88C5800B6863E /* DatabaseStore.swift in Sources */ = {isa = PBXBuildFile; fileRef = CAA4E4782AF88C5800B6863E /* DatabaseStore.swift */; };
		CAA4E47C2AF88C5800B6863E /* GradeTracker.xcdatamodeld in Sources */ = {isa = PBXBuildFile; fileRef = CAA4E47A2AF88C5800B6863E /* GradeTracker.xcdatamodeld */; };
		CAA4E4882AF88C5800B6863E /* GradeTrackerTests.swift in Sources */ = {isa = PBXBuildFile; fileRef = CAA4E4872AF88C5800B6863E /* GradeTrackerTests.swift */; };
		CAA4E4922AF88C5800B6863E /* GradeTrackerUITests.swift in Sources */ = {isa = PBXBuildFile; fileRef = CAA4E4912AF88C5800B6863E /* GradeTrackerUITests.swift */; };
		CAA4E4942AF88C5800B6863E /* GradeTrackerUITestsLaunchTests.swift in Sources */ = {isa = PBXBuildFile; fileRef = CAA4E4932AF88C5800B6863E /* GradeTrackerUITestsLaunchTests.swift */; };
		CADEB7CF2AF9821F00330123 /* SettingsScreen.swift in Sources */ = {isa = PBXBuildFile; fileRef = CADEB7CE2AF9821F00330123 /* SettingsScreen.swift */; };
		CADEB7D12AF9824F00330123 /* CourseMainScreen.swift in Sources */ = {isa = PBXBuildFile; fileRef = CADEB7D02AF9824F00330123 /* CourseMainScreen.swift */; };
		CADEB7D42AF983BA00330123 /* AddCourseSheet.swift in Sources */ = {isa = PBXBuildFile; fileRef = CADEB7D32AF983BA00330123 /* AddCourseSheet.swift */; };
		CADEB7D82AF9860D00330123 /* CourseGridSubView.swift in Sources */ = {isa = PBXBuildFile; fileRef = CADEB7D72AF9860D00330123 /* CourseGridSubView.swift */; };
		CADEB7DA2AF9892100330123 /* CurrentCourseGridCell.swift in Sources */ = {isa = PBXBuildFile; fileRef = CADEB7D92AF9892100330123 /* CurrentCourseGridCell.swift */; };
		CADEB7DD2AF989FB00330123 /* StylingConstants.swift in Sources */ = {isa = PBXBuildFile; fileRef = CADEB7DC2AF989FB00330123 /* StylingConstants.swift */; };
		CADEB8152AFC756500330123 /* DBGen+SimpleSample.swift in Sources */ = {isa = PBXBuildFile; fileRef = CADEB8142AFC756500330123 /* DBGen+SimpleSample.swift */; };
		CADEB8172AFC75D200330123 /* Course+Extensions.swift in Sources */ = {isa = PBXBuildFile; fileRef = CADEB8162AFC75D200330123 /* Course+Extensions.swift */; };
		CADEB8192AFC797400330123 /* Course+ColorIDs.swift in Sources */ = {isa = PBXBuildFile; fileRef = CADEB8182AFC797400330123 /* Course+ColorIDs.swift */; };
		CADEB81B2AFC7B3B00330123 /* Course+IconIDs.swift in Sources */ = {isa = PBXBuildFile; fileRef = CADEB81A2AFC7B3B00330123 /* Course+IconIDs.swift */; };
		CADEB81D2AFC7DDE00330123 /* Assignment+Extensions.swift in Sources */ = {isa = PBXBuildFile; fileRef = CADEB81C2AFC7DDE00330123 /* Assignment+Extensions.swift */; };
		CADEB81F2AFC82B800330123 /* Degree+Extensions.swift in Sources */ = {isa = PBXBuildFile; fileRef = CADEB81E2AFC82B800330123 /* Degree+Extensions.swift */; };
		CADEB8212AFC840D00330123 /* Degree+DegreeStatuses.swift in Sources */ = {isa = PBXBuildFile; fileRef = CADEB8202AFC840D00330123 /* Degree+DegreeStatuses.swift */; };
		CADEB8232AFC84C600330123 /* DegreeCourseGroup+Extensions.swift in Sources */ = {isa = PBXBuildFile; fileRef = CADEB8222AFC84C600330123 /* DegreeCourseGroup+Extensions.swift */; };
		CADEB8252AFC860D00330123 /* Note+Extensions.swift in Sources */ = {isa = PBXBuildFile; fileRef = CADEB8242AFC860D00330123 /* Note+Extensions.swift */; };
		CADEB8272AFC867800330123 /* NoteAttachment+Extensions.swift in Sources */ = {isa = PBXBuildFile; fileRef = CADEB8262AFC867800330123 /* NoteAttachment+Extensions.swift */; };
		CADEB8292AFC86CB00330123 /* NoteTag+Extensions.swift in Sources */ = {isa = PBXBuildFile; fileRef = CADEB8282AFC86CB00330123 /* NoteTag+Extensions.swift */; };
		CADEB82B2AFC874300330123 /* TimeSlot+Extensions.swift in Sources */ = {isa = PBXBuildFile; fileRef = CADEB82A2AFC874300330123 /* TimeSlot+Extensions.swift */; };
		CADEB82D2AFC88C700330123 /* WeightGroup+Extensions.swift in Sources */ = {isa = PBXBuildFile; fileRef = CADEB82C2AFC88C700330123 /* WeightGroup+Extensions.swift */; };
		CADEB82F2AFC9B3100330123 /* DBGen.swift in Sources */ = {isa = PBXBuildFile; fileRef = CADEB82E2AFC9B3100330123 /* DBGen.swift */; };
		CAEBDA282B007573003CFD91 /* CourseAssignmentTab.swift in Sources */ = {isa = PBXBuildFile; fileRef = CAEBDA272B007573003CFD91 /* CourseAssignmentTab.swift */; };
		CAEBDA2A2B0075B3003CFD91 /* GetCourseForPreviews.swift in Sources */ = {isa = PBXBuildFile; fileRef = CAEBDA292B0075B3003CFD91 /* GetCourseForPreviews.swift */; };
		CAEBDA2D2B015DFF003CFD91 /* NSSet+Extensions.swift in Sources */ = {isa = PBXBuildFile; fileRef = CAEBDA2C2B015DFF003CFD91 /* NSSet+Extensions.swift */; };
		CAEBDA2F2B080FC6003CFD91 /* BaseScreen.swift in Sources */ = {isa = PBXBuildFile; fileRef = CAEBDA2E2B080FC6003CFD91 /* BaseScreen.swift */; };
		CAEBDA322B08367F003CFD91 /* AssignmentDetailScreen.swift in Sources */ = {isa = PBXBuildFile; fileRef = CAEBDA312B08367F003CFD91 /* AssignmentDetailScreen.swift */; };
/* End PBXBuildFile section */

/* Begin PBXContainerItemProxy section */
		CAA4E4842AF88C5800B6863E /* PBXContainerItemProxy */ = {
			isa = PBXContainerItemProxy;
			containerPortal = CAA4E4642AF88C5700B6863E /* Project object */;
			proxyType = 1;
			remoteGlobalIDString = CAA4E46B2AF88C5700B6863E;
			remoteInfo = GradeTracker;
		};
		CAA4E48E2AF88C5800B6863E /* PBXContainerItemProxy */ = {
			isa = PBXContainerItemProxy;
			containerPortal = CAA4E4642AF88C5700B6863E /* Project object */;
			proxyType = 1;
			remoteGlobalIDString = CAA4E46B2AF88C5700B6863E;
			remoteInfo = GradeTracker;
		};
/* End PBXContainerItemProxy section */

/* Begin PBXFileReference section */
		CAA4E46C2AF88C5700B6863E /* GradeTracker.app */ = {isa = PBXFileReference; explicitFileType = wrapper.application; includeInIndex = 0; path = GradeTracker.app; sourceTree = BUILT_PRODUCTS_DIR; };
		CAA4E46F2AF88C5700B6863E /* GradeTrackerApp.swift */ = {isa = PBXFileReference; lastKnownFileType = sourcecode.swift; path = GradeTrackerApp.swift; sourceTree = "<group>"; };
		CAA4E4712AF88C5700B6863E /* RootScreen.swift */ = {isa = PBXFileReference; lastKnownFileType = sourcecode.swift; path = RootScreen.swift; sourceTree = "<group>"; };
		CAA4E4732AF88C5800B6863E /* Assets.xcassets */ = {isa = PBXFileReference; lastKnownFileType = folder.assetcatalog; path = Assets.xcassets; sourceTree = "<group>"; };
		CAA4E4762AF88C5800B6863E /* Preview Assets.xcassets */ = {isa = PBXFileReference; lastKnownFileType = folder.assetcatalog; path = "Preview Assets.xcassets"; sourceTree = "<group>"; };
		CAA4E4782AF88C5800B6863E /* DatabaseStore.swift */ = {isa = PBXFileReference; lastKnownFileType = sourcecode.swift; path = DatabaseStore.swift; sourceTree = "<group>"; };
		CAA4E47B2AF88C5800B6863E /* GradeTracker.xcdatamodel */ = {isa = PBXFileReference; lastKnownFileType = wrapper.xcdatamodel; path = GradeTracker.xcdatamodel; sourceTree = "<group>"; };
		CAA4E47D2AF88C5800B6863E /* GradeTracker.entitlements */ = {isa = PBXFileReference; lastKnownFileType = text.plist.entitlements; path = GradeTracker.entitlements; sourceTree = "<group>"; };
		CAA4E47E2AF88C5800B6863E /* Info.plist */ = {isa = PBXFileReference; lastKnownFileType = text.plist.xml; path = Info.plist; sourceTree = "<group>"; };
		CAA4E4832AF88C5800B6863E /* GradeTrackerTests.xctest */ = {isa = PBXFileReference; explicitFileType = wrapper.cfbundle; includeInIndex = 0; path = GradeTrackerTests.xctest; sourceTree = BUILT_PRODUCTS_DIR; };
		CAA4E4872AF88C5800B6863E /* GradeTrackerTests.swift */ = {isa = PBXFileReference; lastKnownFileType = sourcecode.swift; path = GradeTrackerTests.swift; sourceTree = "<group>"; };
		CAA4E48D2AF88C5800B6863E /* GradeTrackerUITests.xctest */ = {isa = PBXFileReference; explicitFileType = wrapper.cfbundle; includeInIndex = 0; path = GradeTrackerUITests.xctest; sourceTree = BUILT_PRODUCTS_DIR; };
		CAA4E4912AF88C5800B6863E /* GradeTrackerUITests.swift */ = {isa = PBXFileReference; lastKnownFileType = sourcecode.swift; path = GradeTrackerUITests.swift; sourceTree = "<group>"; };
		CAA4E4932AF88C5800B6863E /* GradeTrackerUITestsLaunchTests.swift */ = {isa = PBXFileReference; lastKnownFileType = sourcecode.swift; path = GradeTrackerUITestsLaunchTests.swift; sourceTree = "<group>"; };
		CADEB7CE2AF9821F00330123 /* SettingsScreen.swift */ = {isa = PBXFileReference; lastKnownFileType = sourcecode.swift; path = SettingsScreen.swift; sourceTree = "<group>"; };
		CADEB7D02AF9824F00330123 /* CourseMainScreen.swift */ = {isa = PBXFileReference; lastKnownFileType = sourcecode.swift; path = CourseMainScreen.swift; sourceTree = "<group>"; };
		CADEB7D32AF983BA00330123 /* AddCourseSheet.swift */ = {isa = PBXFileReference; lastKnownFileType = sourcecode.swift; path = AddCourseSheet.swift; sourceTree = "<group>"; };
		CADEB7D72AF9860D00330123 /* CourseGridSubView.swift */ = {isa = PBXFileReference; lastKnownFileType = sourcecode.swift; path = CourseGridSubView.swift; sourceTree = "<group>"; };
		CADEB7D92AF9892100330123 /* CurrentCourseGridCell.swift */ = {isa = PBXFileReference; lastKnownFileType = sourcecode.swift; path = CurrentCourseGridCell.swift; sourceTree = "<group>"; };
		CADEB7DC2AF989FB00330123 /* StylingConstants.swift */ = {isa = PBXFileReference; lastKnownFileType = sourcecode.swift; path = StylingConstants.swift; sourceTree = "<group>"; };
		CADEB8142AFC756500330123 /* DBGen+SimpleSample.swift */ = {isa = PBXFileReference; lastKnownFileType = sourcecode.swift; path = "DBGen+SimpleSample.swift"; sourceTree = "<group>"; };
		CADEB8162AFC75D200330123 /* Course+Extensions.swift */ = {isa = PBXFileReference; lastKnownFileType = sourcecode.swift; path = "Course+Extensions.swift"; sourceTree = "<group>"; };
		CADEB8182AFC797400330123 /* Course+ColorIDs.swift */ = {isa = PBXFileReference; lastKnownFileType = sourcecode.swift; path = "Course+ColorIDs.swift"; sourceTree = "<group>"; };
		CADEB81A2AFC7B3B00330123 /* Course+IconIDs.swift */ = {isa = PBXFileReference; lastKnownFileType = sourcecode.swift; path = "Course+IconIDs.swift"; sourceTree = "<group>"; };
		CADEB81C2AFC7DDE00330123 /* Assignment+Extensions.swift */ = {isa = PBXFileReference; lastKnownFileType = sourcecode.swift; path = "Assignment+Extensions.swift"; sourceTree = "<group>"; };
		CADEB81E2AFC82B800330123 /* Degree+Extensions.swift */ = {isa = PBXFileReference; lastKnownFileType = sourcecode.swift; path = "Degree+Extensions.swift"; sourceTree = "<group>"; };
		CADEB8202AFC840D00330123 /* Degree+DegreeStatuses.swift */ = {isa = PBXFileReference; lastKnownFileType = sourcecode.swift; path = "Degree+DegreeStatuses.swift"; sourceTree = "<group>"; };
		CADEB8222AFC84C600330123 /* DegreeCourseGroup+Extensions.swift */ = {isa = PBXFileReference; lastKnownFileType = sourcecode.swift; path = "DegreeCourseGroup+Extensions.swift"; sourceTree = "<group>"; };
		CADEB8242AFC860D00330123 /* Note+Extensions.swift */ = {isa = PBXFileReference; lastKnownFileType = sourcecode.swift; path = "Note+Extensions.swift"; sourceTree = "<group>"; };
		CADEB8262AFC867800330123 /* NoteAttachment+Extensions.swift */ = {isa = PBXFileReference; lastKnownFileType = sourcecode.swift; path = "NoteAttachment+Extensions.swift"; sourceTree = "<group>"; };
		CADEB8282AFC86CB00330123 /* NoteTag+Extensions.swift */ = {isa = PBXFileReference; lastKnownFileType = sourcecode.swift; path = "NoteTag+Extensions.swift"; sourceTree = "<group>"; };
		CADEB82A2AFC874300330123 /* TimeSlot+Extensions.swift */ = {isa = PBXFileReference; lastKnownFileType = sourcecode.swift; path = "TimeSlot+Extensions.swift"; sourceTree = "<group>"; };
		CADEB82C2AFC88C700330123 /* WeightGroup+Extensions.swift */ = {isa = PBXFileReference; lastKnownFileType = sourcecode.swift; path = "WeightGroup+Extensions.swift"; sourceTree = "<group>"; };
		CADEB82E2AFC9B3100330123 /* DBGen.swift */ = {isa = PBXFileReference; lastKnownFileType = sourcecode.swift; path = DBGen.swift; sourceTree = "<group>"; };
		CAEBDA272B007573003CFD91 /* CourseAssignmentTab.swift */ = {isa = PBXFileReference; lastKnownFileType = sourcecode.swift; path = CourseAssignmentTab.swift; sourceTree = "<group>"; };
		CAEBDA292B0075B3003CFD91 /* GetCourseForPreviews.swift */ = {isa = PBXFileReference; lastKnownFileType = sourcecode.swift; path = GetCourseForPreviews.swift; sourceTree = "<group>"; };
		CAEBDA2C2B015DFF003CFD91 /* NSSet+Extensions.swift */ = {isa = PBXFileReference; lastKnownFileType = sourcecode.swift; path = "NSSet+Extensions.swift"; sourceTree = "<group>"; };
		CAEBDA2E2B080FC6003CFD91 /* BaseScreen.swift */ = {isa = PBXFileReference; lastKnownFileType = sourcecode.swift; path = BaseScreen.swift; sourceTree = "<group>"; };
		CAEBDA312B08367F003CFD91 /* AssignmentDetailScreen.swift */ = {isa = PBXFileReference; lastKnownFileType = sourcecode.swift; path = AssignmentDetailScreen.swift; sourceTree = "<group>"; };
/* End PBXFileReference section */

/* Begin PBXFrameworksBuildPhase section */
		CAA4E4692AF88C5700B6863E /* Frameworks */ = {
			isa = PBXFrameworksBuildPhase;
			buildActionMask = 2147483647;
			files = (
			);
			runOnlyForDeploymentPostprocessing = 0;
		};
		CAA4E4802AF88C5800B6863E /* Frameworks */ = {
			isa = PBXFrameworksBuildPhase;
			buildActionMask = 2147483647;
			files = (
			);
			runOnlyForDeploymentPostprocessing = 0;
		};
		CAA4E48A2AF88C5800B6863E /* Frameworks */ = {
			isa = PBXFrameworksBuildPhase;
			buildActionMask = 2147483647;
			files = (
			);
			runOnlyForDeploymentPostprocessing = 0;
		};
/* End PBXFrameworksBuildPhase section */

/* Begin PBXGroup section */
		CAA4E4632AF88C5700B6863E = {
			isa = PBXGroup;
			children = (
				CAA4E46E2AF88C5700B6863E /* GradeTracker */,
				CAA4E4862AF88C5800B6863E /* GradeTrackerTests */,
				CAA4E4902AF88C5800B6863E /* GradeTrackerUITests */,
				CAA4E46D2AF88C5700B6863E /* Products */,
			);
			sourceTree = "<group>";
		};
		CAA4E46D2AF88C5700B6863E /* Products */ = {
			isa = PBXGroup;
			children = (
				CAA4E46C2AF88C5700B6863E /* GradeTracker.app */,
				CAA4E4832AF88C5800B6863E /* GradeTrackerTests.xctest */,
				CAA4E48D2AF88C5800B6863E /* GradeTrackerUITests.xctest */,
			);
			name = Products;
			sourceTree = "<group>";
		};
		CAA4E46E2AF88C5700B6863E /* GradeTracker */ = {
			isa = PBXGroup;
			children = (
				CADEB7DB2AF989ED00330123 /* Utilities */,
				CADEB7C92AF981E100330123 /* Screens */,
				CAA4E4A02AF88CF700B6863E /* Database */,
				CAA4E46F2AF88C5700B6863E /* GradeTrackerApp.swift */,
				CAA4E4732AF88C5800B6863E /* Assets.xcassets */,
				CAA4E47E2AF88C5800B6863E /* Info.plist */,
				CAA4E47D2AF88C5800B6863E /* GradeTracker.entitlements */,
				CAA4E4752AF88C5800B6863E /* Preview Content */,
			);
			path = GradeTracker;
			sourceTree = "<group>";
		};
		CAA4E4752AF88C5800B6863E /* Preview Content */ = {
			isa = PBXGroup;
			children = (
				CAA4E4762AF88C5800B6863E /* Preview Assets.xcassets */,
				CAEBDA292B0075B3003CFD91 /* GetCourseForPreviews.swift */,
			);
			path = "Preview Content";
			sourceTree = "<group>";
		};
		CAA4E4862AF88C5800B6863E /* GradeTrackerTests */ = {
			isa = PBXGroup;
			children = (
				CAA4E4872AF88C5800B6863E /* GradeTrackerTests.swift */,
			);
			path = GradeTrackerTests;
			sourceTree = "<group>";
		};
		CAA4E4902AF88C5800B6863E /* GradeTrackerUITests */ = {
			isa = PBXGroup;
			children = (
				CAA4E4912AF88C5800B6863E /* GradeTrackerUITests.swift */,
				CAA4E4932AF88C5800B6863E /* GradeTrackerUITestsLaunchTests.swift */,
			);
			path = GradeTrackerUITests;
			sourceTree = "<group>";
		};
		CAA4E4A02AF88CF700B6863E /* Database */ = {
			isa = PBXGroup;
			children = (
				CADEB8132AFC752D00330123 /* Generators */,
				CADEB7DE2AFC6BBA00330123 /* EntityExtensions */,
				CAA4E4782AF88C5800B6863E /* DatabaseStore.swift */,
				CAA4E47A2AF88C5800B6863E /* GradeTracker.xcdatamodeld */,
			);
			path = Database;
			sourceTree = "<group>";
		};
		CADEB7C92AF981E100330123 /* Screens */ = {
			isa = PBXGroup;
			children = (
				CADEB7D22AF983A400330123 /* RootScreen */,
				CADEB7CB2AF981F600330123 /* SettingsScreen */,
				CADEB7CA2AF981EA00330123 /* CourseScreen */,
				CAEBDA2E2B080FC6003CFD91 /* BaseScreen.swift */,
			);
			path = Screens;
			sourceTree = "<group>";
		};
		CADEB7CA2AF981EA00330123 /* CourseScreen */ = {
			isa = PBXGroup;
			children = (
				CAEBDA302B083661003CFD91 /* AssignmentDetailScreen */,
				CAEBDA2B2B015D36003CFD91 /* AssignmentTab */,
				CADEB7D02AF9824F00330123 /* CourseMainScreen.swift */,
			);
			path = CourseScreen;
			sourceTree = "<group>";
		};
		CADEB7CB2AF981F600330123 /* SettingsScreen */ = {
			isa = PBXGroup;
			children = (
				CADEB7CE2AF9821F00330123 /* SettingsScreen.swift */,
			);
			path = SettingsScreen;
			sourceTree = "<group>";
		};
		CADEB7D22AF983A400330123 /* RootScreen */ = {
			isa = PBXGroup;
			children = (
				CAA4E4712AF88C5700B6863E /* RootScreen.swift */,
				CADEB7D32AF983BA00330123 /* AddCourseSheet.swift */,
				CADEB7D72AF9860D00330123 /* CourseGridSubView.swift */,
				CADEB7D92AF9892100330123 /* CurrentCourseGridCell.swift */,
			);
			path = RootScreen;
			sourceTree = "<group>";
		};
		CADEB7DB2AF989ED00330123 /* Utilities */ = {
			isa = PBXGroup;
			children = (
				CADEB7DC2AF989FB00330123 /* StylingConstants.swift */,
				CAEBDA2C2B015DFF003CFD91 /* NSSet+Extensions.swift */,
			);
			path = Utilities;
			sourceTree = "<group>";
		};
		CADEB7DE2AFC6BBA00330123 /* EntityExtensions */ = {
			isa = PBXGroup;
			children = (
				CADEB8162AFC75D200330123 /* Course+Extensions.swift */,
				CADEB8182AFC797400330123 /* Course+ColorIDs.swift */,
				CADEB81A2AFC7B3B00330123 /* Course+IconIDs.swift */,
				CADEB81C2AFC7DDE00330123 /* Assignment+Extensions.swift */,
				CADEB81E2AFC82B800330123 /* Degree+Extensions.swift */,
				CADEB8202AFC840D00330123 /* Degree+DegreeStatuses.swift */,
				CADEB8222AFC84C600330123 /* DegreeCourseGroup+Extensions.swift */,
				CADEB8242AFC860D00330123 /* Note+Extensions.swift */,
				CADEB8262AFC867800330123 /* NoteAttachment+Extensions.swift */,
				CADEB8282AFC86CB00330123 /* NoteTag+Extensions.swift */,
				CADEB82A2AFC874300330123 /* TimeSlot+Extensions.swift */,
				CADEB82C2AFC88C700330123 /* WeightGroup+Extensions.swift */,
			);
			path = EntityExtensions;
			sourceTree = "<group>";
		};
		CADEB8132AFC752D00330123 /* Generators */ = {
			isa = PBXGroup;
			children = (
				CADEB8142AFC756500330123 /* DBGen+SimpleSample.swift */,
				CADEB82E2AFC9B3100330123 /* DBGen.swift */,
			);
			path = Generators;
			sourceTree = "<group>";
		};
		CAEBDA2B2B015D36003CFD91 /* AssignmentTab */ = {
			isa = PBXGroup;
			children = (
				CAEBDA272B007573003CFD91 /* CourseAssignmentTab.swift */,
			);
			path = AssignmentTab;
			sourceTree = "<group>";
		};
		CAEBDA302B083661003CFD91 /* AssignmentDetailScreen */ = {
			isa = PBXGroup;
			children = (
				CAEBDA312B08367F003CFD91 /* AssignmentDetailScreen.swift */,
			);
			path = AssignmentDetailScreen;
			sourceTree = "<group>";
		};
/* End PBXGroup section */

/* Begin PBXNativeTarget section */
		CAA4E46B2AF88C5700B6863E /* GradeTracker */ = {
			isa = PBXNativeTarget;
			buildConfigurationList = CAA4E4972AF88C5800B6863E /* Build configuration list for PBXNativeTarget "GradeTracker" */;
			buildPhases = (
				CAA4E4682AF88C5700B6863E /* Sources */,
				CAA4E4692AF88C5700B6863E /* Frameworks */,
				CAA4E46A2AF88C5700B6863E /* Resources */,
			);
			buildRules = (
			);
			dependencies = (
			);
			name = GradeTracker;
			productName = GradeTracker;
			productReference = CAA4E46C2AF88C5700B6863E /* GradeTracker.app */;
			productType = "com.apple.product-type.application";
		};
		CAA4E4822AF88C5800B6863E /* GradeTrackerTests */ = {
			isa = PBXNativeTarget;
			buildConfigurationList = CAA4E49A2AF88C5800B6863E /* Build configuration list for PBXNativeTarget "GradeTrackerTests" */;
			buildPhases = (
				CAA4E47F2AF88C5800B6863E /* Sources */,
				CAA4E4802AF88C5800B6863E /* Frameworks */,
				CAA4E4812AF88C5800B6863E /* Resources */,
			);
			buildRules = (
			);
			dependencies = (
				CAA4E4852AF88C5800B6863E /* PBXTargetDependency */,
			);
			name = GradeTrackerTests;
			productName = GradeTrackerTests;
			productReference = CAA4E4832AF88C5800B6863E /* GradeTrackerTests.xctest */;
			productType = "com.apple.product-type.bundle.unit-test";
		};
		CAA4E48C2AF88C5800B6863E /* GradeTrackerUITests */ = {
			isa = PBXNativeTarget;
			buildConfigurationList = CAA4E49D2AF88C5800B6863E /* Build configuration list for PBXNativeTarget "GradeTrackerUITests" */;
			buildPhases = (
				CAA4E4892AF88C5800B6863E /* Sources */,
				CAA4E48A2AF88C5800B6863E /* Frameworks */,
				CAA4E48B2AF88C5800B6863E /* Resources */,
			);
			buildRules = (
			);
			dependencies = (
				CAA4E48F2AF88C5800B6863E /* PBXTargetDependency */,
			);
			name = GradeTrackerUITests;
			productName = GradeTrackerUITests;
			productReference = CAA4E48D2AF88C5800B6863E /* GradeTrackerUITests.xctest */;
			productType = "com.apple.product-type.bundle.ui-testing";
		};
/* End PBXNativeTarget section */

/* Begin PBXProject section */
		CAA4E4642AF88C5700B6863E /* Project object */ = {
			isa = PBXProject;
			attributes = {
				BuildIndependentTargetsInParallel = 1;
				LastSwiftUpdateCheck = 1500;
				LastUpgradeCheck = 1500;
				TargetAttributes = {
					CAA4E46B2AF88C5700B6863E = {
						CreatedOnToolsVersion = 15.0.1;
					};
					CAA4E4822AF88C5800B6863E = {
						CreatedOnToolsVersion = 15.0.1;
						TestTargetID = CAA4E46B2AF88C5700B6863E;
					};
					CAA4E48C2AF88C5800B6863E = {
						CreatedOnToolsVersion = 15.0.1;
						TestTargetID = CAA4E46B2AF88C5700B6863E;
					};
				};
			};
			buildConfigurationList = CAA4E4672AF88C5700B6863E /* Build configuration list for PBXProject "GradeTracker" */;
			compatibilityVersion = "Xcode 14.0";
			developmentRegion = en;
			hasScannedForEncodings = 0;
			knownRegions = (
				en,
				Base,
			);
			mainGroup = CAA4E4632AF88C5700B6863E;
			productRefGroup = CAA4E46D2AF88C5700B6863E /* Products */;
			projectDirPath = "";
			projectRoot = "";
			targets = (
				CAA4E46B2AF88C5700B6863E /* GradeTracker */,
				CAA4E4822AF88C5800B6863E /* GradeTrackerTests */,
				CAA4E48C2AF88C5800B6863E /* GradeTrackerUITests */,
			);
		};
/* End PBXProject section */

/* Begin PBXResourcesBuildPhase section */
		CAA4E46A2AF88C5700B6863E /* Resources */ = {
			isa = PBXResourcesBuildPhase;
			buildActionMask = 2147483647;
			files = (
				CAA4E4772AF88C5800B6863E /* Preview Assets.xcassets in Resources */,
				CAA4E4742AF88C5800B6863E /* Assets.xcassets in Resources */,
			);
			runOnlyForDeploymentPostprocessing = 0;
		};
		CAA4E4812AF88C5800B6863E /* Resources */ = {
			isa = PBXResourcesBuildPhase;
			buildActionMask = 2147483647;
			files = (
			);
			runOnlyForDeploymentPostprocessing = 0;
		};
		CAA4E48B2AF88C5800B6863E /* Resources */ = {
			isa = PBXResourcesBuildPhase;
			buildActionMask = 2147483647;
			files = (
			);
			runOnlyForDeploymentPostprocessing = 0;
		};
/* End PBXResourcesBuildPhase section */

/* Begin PBXSourcesBuildPhase section */
		CAA4E4682AF88C5700B6863E /* Sources */ = {
			isa = PBXSourcesBuildPhase;
			buildActionMask = 2147483647;
			files = (
				CAEBDA322B08367F003CFD91 /* AssignmentDetailScreen.swift in Sources */,
				CADEB81B2AFC7B3B00330123 /* Course+IconIDs.swift in Sources */,
				CAA4E47C2AF88C5800B6863E /* GradeTracker.xcdatamodeld in Sources */,
				CAEBDA2F2B080FC6003CFD91 /* BaseScreen.swift in Sources */,
				CADEB8272AFC867800330123 /* NoteAttachment+Extensions.swift in Sources */,
				CADEB8292AFC86CB00330123 /* NoteTag+Extensions.swift in Sources */,
				CAA4E4792AF88C5800B6863E /* DatabaseStore.swift in Sources */,
				CAA4E4722AF88C5700B6863E /* RootScreen.swift in Sources */,
				CADEB82B2AFC874300330123 /* TimeSlot+Extensions.swift in Sources */,
				CAEBDA2D2B015DFF003CFD91 /* NSSet+Extensions.swift in Sources */,
				CADEB7D42AF983BA00330123 /* AddCourseSheet.swift in Sources */,
				CADEB82D2AFC88C700330123 /* WeightGroup+Extensions.swift in Sources */,
				CADEB8152AFC756500330123 /* DBGen+SimpleSample.swift in Sources */,
				CADEB8232AFC84C600330123 /* DegreeCourseGroup+Extensions.swift in Sources */,
				CADEB7CF2AF9821F00330123 /* SettingsScreen.swift in Sources */,
				CADEB8172AFC75D200330123 /* Course+Extensions.swift in Sources */,
				CADEB81D2AFC7DDE00330123 /* Assignment+Extensions.swift in Sources */,
				CADEB81F2AFC82B800330123 /* Degree+Extensions.swift in Sources */,
				CAEBDA282B007573003CFD91 /* CourseAssignmentTab.swift in Sources */,
				CAA4E4702AF88C5700B6863E /* GradeTrackerApp.swift in Sources */,
				CADEB7D82AF9860D00330123 /* CourseGridSubView.swift in Sources */,
				CADEB8212AFC840D00330123 /* Degree+DegreeStatuses.swift in Sources */,
				CADEB8252AFC860D00330123 /* Note+Extensions.swift in Sources */,
				CADEB7D12AF9824F00330123 /* CourseMainScreen.swift in Sources */,
				CADEB8192AFC797400330123 /* Course+ColorIDs.swift in Sources */,
				CADEB7DD2AF989FB00330123 /* StylingConstants.swift in Sources */,
				CADEB82F2AFC9B3100330123 /* DBGen.swift in Sources */,
				CAEBDA2A2B0075B3003CFD91 /* GetCourseForPreviews.swift in Sources */,
				CADEB7DA2AF9892100330123 /* CurrentCourseGridCell.swift in Sources */,
			);
			runOnlyForDeploymentPostprocessing = 0;
		};
		CAA4E47F2AF88C5800B6863E /* Sources */ = {
			isa = PBXSourcesBuildPhase;
			buildActionMask = 2147483647;
			files = (
				CAA4E4882AF88C5800B6863E /* GradeTrackerTests.swift in Sources */,
			);
			runOnlyForDeploymentPostprocessing = 0;
		};
		CAA4E4892AF88C5800B6863E /* Sources */ = {
			isa = PBXSourcesBuildPhase;
			buildActionMask = 2147483647;
			files = (
				CAA4E4922AF88C5800B6863E /* GradeTrackerUITests.swift in Sources */,
				CAA4E4942AF88C5800B6863E /* GradeTrackerUITestsLaunchTests.swift in Sources */,
			);
			runOnlyForDeploymentPostprocessing = 0;
		};
/* End PBXSourcesBuildPhase section */

/* Begin PBXTargetDependency section */
		CAA4E4852AF88C5800B6863E /* PBXTargetDependency */ = {
			isa = PBXTargetDependency;
			target = CAA4E46B2AF88C5700B6863E /* GradeTracker */;
			targetProxy = CAA4E4842AF88C5800B6863E /* PBXContainerItemProxy */;
		};
		CAA4E48F2AF88C5800B6863E /* PBXTargetDependency */ = {
			isa = PBXTargetDependency;
			target = CAA4E46B2AF88C5700B6863E /* GradeTracker */;
			targetProxy = CAA4E48E2AF88C5800B6863E /* PBXContainerItemProxy */;
		};
/* End PBXTargetDependency section */

/* Begin XCBuildConfiguration section */
		CAA4E4952AF88C5800B6863E /* Debug */ = {
			isa = XCBuildConfiguration;
			buildSettings = {
				ALWAYS_SEARCH_USER_PATHS = NO;
				ASSETCATALOG_COMPILER_GENERATE_SWIFT_ASSET_SYMBOL_EXTENSIONS = YES;
				CLANG_ANALYZER_NONNULL = YES;
				CLANG_ANALYZER_NUMBER_OBJECT_CONVERSION = YES_AGGRESSIVE;
				CLANG_CXX_LANGUAGE_STANDARD = "gnu++20";
				CLANG_ENABLE_MODULES = YES;
				CLANG_ENABLE_OBJC_ARC = YES;
				CLANG_ENABLE_OBJC_WEAK = YES;
				CLANG_WARN_BLOCK_CAPTURE_AUTORELEASING = YES;
				CLANG_WARN_BOOL_CONVERSION = YES;
				CLANG_WARN_COMMA = YES;
				CLANG_WARN_CONSTANT_CONVERSION = YES;
				CLANG_WARN_DEPRECATED_OBJC_IMPLEMENTATIONS = YES;
				CLANG_WARN_DIRECT_OBJC_ISA_USAGE = YES_ERROR;
				CLANG_WARN_DOCUMENTATION_COMMENTS = YES;
				CLANG_WARN_EMPTY_BODY = YES;
				CLANG_WARN_ENUM_CONVERSION = YES;
				CLANG_WARN_INFINITE_RECURSION = YES;
				CLANG_WARN_INT_CONVERSION = YES;
				CLANG_WARN_NON_LITERAL_NULL_CONVERSION = YES;
				CLANG_WARN_OBJC_IMPLICIT_RETAIN_SELF = YES;
				CLANG_WARN_OBJC_LITERAL_CONVERSION = YES;
				CLANG_WARN_OBJC_ROOT_CLASS = YES_ERROR;
				CLANG_WARN_QUOTED_INCLUDE_IN_FRAMEWORK_HEADER = YES;
				CLANG_WARN_RANGE_LOOP_ANALYSIS = YES;
				CLANG_WARN_STRICT_PROTOTYPES = YES;
				CLANG_WARN_SUSPICIOUS_MOVE = YES;
				CLANG_WARN_UNGUARDED_AVAILABILITY = YES_AGGRESSIVE;
				CLANG_WARN_UNREACHABLE_CODE = YES;
				CLANG_WARN__DUPLICATE_METHOD_MATCH = YES;
				COPY_PHASE_STRIP = NO;
				DEBUG_INFORMATION_FORMAT = dwarf;
				ENABLE_STRICT_OBJC_MSGSEND = YES;
				ENABLE_TESTABILITY = YES;
				ENABLE_USER_SCRIPT_SANDBOXING = YES;
				GCC_C_LANGUAGE_STANDARD = gnu17;
				GCC_DYNAMIC_NO_PIC = NO;
				GCC_NO_COMMON_BLOCKS = YES;
				GCC_OPTIMIZATION_LEVEL = 0;
				GCC_PREPROCESSOR_DEFINITIONS = (
					"DEBUG=1",
					"$(inherited)",
				);
				GCC_WARN_64_TO_32_BIT_CONVERSION = YES;
				GCC_WARN_ABOUT_RETURN_TYPE = YES_ERROR;
				GCC_WARN_UNDECLARED_SELECTOR = YES;
				GCC_WARN_UNINITIALIZED_AUTOS = YES_AGGRESSIVE;
				GCC_WARN_UNUSED_FUNCTION = YES;
				GCC_WARN_UNUSED_VARIABLE = YES;
				IPHONEOS_DEPLOYMENT_TARGET = 17.0;
				LOCALIZATION_PREFERS_STRING_CATALOGS = YES;
				MTL_ENABLE_DEBUG_INFO = INCLUDE_SOURCE;
				MTL_FAST_MATH = YES;
				ONLY_ACTIVE_ARCH = YES;
				SDKROOT = iphoneos;
				SWIFT_ACTIVE_COMPILATION_CONDITIONS = "DEBUG $(inherited)";
				SWIFT_OPTIMIZATION_LEVEL = "-Onone";
			};
			name = Debug;
		};
		CAA4E4962AF88C5800B6863E /* Release */ = {
			isa = XCBuildConfiguration;
			buildSettings = {
				ALWAYS_SEARCH_USER_PATHS = NO;
				ASSETCATALOG_COMPILER_GENERATE_SWIFT_ASSET_SYMBOL_EXTENSIONS = YES;
				CLANG_ANALYZER_NONNULL = YES;
				CLANG_ANALYZER_NUMBER_OBJECT_CONVERSION = YES_AGGRESSIVE;
				CLANG_CXX_LANGUAGE_STANDARD = "gnu++20";
				CLANG_ENABLE_MODULES = YES;
				CLANG_ENABLE_OBJC_ARC = YES;
				CLANG_ENABLE_OBJC_WEAK = YES;
				CLANG_WARN_BLOCK_CAPTURE_AUTORELEASING = YES;
				CLANG_WARN_BOOL_CONVERSION = YES;
				CLANG_WARN_COMMA = YES;
				CLANG_WARN_CONSTANT_CONVERSION = YES;
				CLANG_WARN_DEPRECATED_OBJC_IMPLEMENTATIONS = YES;
				CLANG_WARN_DIRECT_OBJC_ISA_USAGE = YES_ERROR;
				CLANG_WARN_DOCUMENTATION_COMMENTS = YES;
				CLANG_WARN_EMPTY_BODY = YES;
				CLANG_WARN_ENUM_CONVERSION = YES;
				CLANG_WARN_INFINITE_RECURSION = YES;
				CLANG_WARN_INT_CONVERSION = YES;
				CLANG_WARN_NON_LITERAL_NULL_CONVERSION = YES;
				CLANG_WARN_OBJC_IMPLICIT_RETAIN_SELF = YES;
				CLANG_WARN_OBJC_LITERAL_CONVERSION = YES;
				CLANG_WARN_OBJC_ROOT_CLASS = YES_ERROR;
				CLANG_WARN_QUOTED_INCLUDE_IN_FRAMEWORK_HEADER = YES;
				CLANG_WARN_RANGE_LOOP_ANALYSIS = YES;
				CLANG_WARN_STRICT_PROTOTYPES = YES;
				CLANG_WARN_SUSPICIOUS_MOVE = YES;
				CLANG_WARN_UNGUARDED_AVAILABILITY = YES_AGGRESSIVE;
				CLANG_WARN_UNREACHABLE_CODE = YES;
				CLANG_WARN__DUPLICATE_METHOD_MATCH = YES;
				COPY_PHASE_STRIP = NO;
				DEBUG_INFORMATION_FORMAT = "dwarf-with-dsym";
				ENABLE_NS_ASSERTIONS = NO;
				ENABLE_STRICT_OBJC_MSGSEND = YES;
				ENABLE_USER_SCRIPT_SANDBOXING = YES;
				GCC_C_LANGUAGE_STANDARD = gnu17;
				GCC_NO_COMMON_BLOCKS = YES;
				GCC_WARN_64_TO_32_BIT_CONVERSION = YES;
				GCC_WARN_ABOUT_RETURN_TYPE = YES_ERROR;
				GCC_WARN_UNDECLARED_SELECTOR = YES;
				GCC_WARN_UNINITIALIZED_AUTOS = YES_AGGRESSIVE;
				GCC_WARN_UNUSED_FUNCTION = YES;
				GCC_WARN_UNUSED_VARIABLE = YES;
				IPHONEOS_DEPLOYMENT_TARGET = 17.0;
				LOCALIZATION_PREFERS_STRING_CATALOGS = YES;
				MTL_ENABLE_DEBUG_INFO = NO;
				MTL_FAST_MATH = YES;
				SDKROOT = iphoneos;
				SWIFT_COMPILATION_MODE = wholemodule;
				VALIDATE_PRODUCT = YES;
			};
			name = Release;
		};
		CAA4E4982AF88C5800B6863E /* Debug */ = {
			isa = XCBuildConfiguration;
			buildSettings = {
				ASSETCATALOG_COMPILER_APPICON_NAME = AppIcon;
				ASSETCATALOG_COMPILER_GLOBAL_ACCENT_COLOR_NAME = AccentColor;
				CODE_SIGN_ENTITLEMENTS = GradeTracker/GradeTracker.entitlements;
				CODE_SIGN_STYLE = Automatic;
				CURRENT_PROJECT_VERSION = 1;
				DEVELOPMENT_ASSET_PATHS = "\"GradeTracker/Preview Content\"";
				DEVELOPMENT_TEAM = 327N47HKNQ;
				ENABLE_PREVIEWS = YES;
				GENERATE_INFOPLIST_FILE = YES;
				INFOPLIST_FILE = GradeTracker/Info.plist;
				INFOPLIST_KEY_UIApplicationSceneManifest_Generation = YES;
				INFOPLIST_KEY_UIApplicationSupportsIndirectInputEvents = YES;
				INFOPLIST_KEY_UILaunchScreen_Generation = YES;
				INFOPLIST_KEY_UISupportedInterfaceOrientations_iPad = "UIInterfaceOrientationPortrait UIInterfaceOrientationPortraitUpsideDown UIInterfaceOrientationLandscapeLeft UIInterfaceOrientationLandscapeRight";
				INFOPLIST_KEY_UISupportedInterfaceOrientations_iPhone = "UIInterfaceOrientationPortrait UIInterfaceOrientationLandscapeLeft UIInterfaceOrientationLandscapeRight";
				LD_RUNPATH_SEARCH_PATHS = (
					"$(inherited)",
					"@executable_path/Frameworks",
				);
				MARKETING_VERSION = 1.0;
				PRODUCT_BUNDLE_IDENTIFIER = com.MaddHatt.GradeTracker;
				PRODUCT_NAME = "$(TARGET_NAME)";
				SWIFT_EMIT_LOC_STRINGS = YES;
				SWIFT_VERSION = 5.0;
				TARGETED_DEVICE_FAMILY = "1,2";
			};
			name = Debug;
		};
		CAA4E4992AF88C5800B6863E /* Release */ = {
			isa = XCBuildConfiguration;
			buildSettings = {
				ASSETCATALOG_COMPILER_APPICON_NAME = AppIcon;
				ASSETCATALOG_COMPILER_GLOBAL_ACCENT_COLOR_NAME = AccentColor;
				CODE_SIGN_ENTITLEMENTS = GradeTracker/GradeTracker.entitlements;
				CODE_SIGN_STYLE = Automatic;
				CURRENT_PROJECT_VERSION = 1;
				DEVELOPMENT_ASSET_PATHS = "\"GradeTracker/Preview Content\"";
				DEVELOPMENT_TEAM = 327N47HKNQ;
				ENABLE_PREVIEWS = YES;
				GENERATE_INFOPLIST_FILE = YES;
				INFOPLIST_FILE = GradeTracker/Info.plist;
				INFOPLIST_KEY_UIApplicationSceneManifest_Generation = YES;
				INFOPLIST_KEY_UIApplicationSupportsIndirectInputEvents = YES;
				INFOPLIST_KEY_UILaunchScreen_Generation = YES;
				INFOPLIST_KEY_UISupportedInterfaceOrientations_iPad = "UIInterfaceOrientationPortrait UIInterfaceOrientationPortraitUpsideDown UIInterfaceOrientationLandscapeLeft UIInterfaceOrientationLandscapeRight";
				INFOPLIST_KEY_UISupportedInterfaceOrientations_iPhone = "UIInterfaceOrientationPortrait UIInterfaceOrientationLandscapeLeft UIInterfaceOrientationLandscapeRight";
				LD_RUNPATH_SEARCH_PATHS = (
					"$(inherited)",
					"@executable_path/Frameworks",
				);
				MARKETING_VERSION = 1.0;
				PRODUCT_BUNDLE_IDENTIFIER = com.MaddHatt.GradeTracker;
				PRODUCT_NAME = "$(TARGET_NAME)";
				SWIFT_EMIT_LOC_STRINGS = YES;
				SWIFT_VERSION = 5.0;
				TARGETED_DEVICE_FAMILY = "1,2";
			};
			name = Release;
		};
		CAA4E49B2AF88C5800B6863E /* Debug */ = {
			isa = XCBuildConfiguration;
			buildSettings = {
				ALWAYS_EMBED_SWIFT_STANDARD_LIBRARIES = YES;
				BUNDLE_LOADER = "$(TEST_HOST)";
				CODE_SIGN_STYLE = Automatic;
				CURRENT_PROJECT_VERSION = 1;
				DEVELOPMENT_TEAM = 327N47HKNQ;
				GENERATE_INFOPLIST_FILE = YES;
				IPHONEOS_DEPLOYMENT_TARGET = 17.0;
				MARKETING_VERSION = 1.0;
				PRODUCT_BUNDLE_IDENTIFIER = com.MaddHatt.GradeTrackerTests;
				PRODUCT_NAME = "$(TARGET_NAME)";
				SWIFT_EMIT_LOC_STRINGS = NO;
				SWIFT_VERSION = 5.0;
				TARGETED_DEVICE_FAMILY = "1,2";
				TEST_HOST = "$(BUILT_PRODUCTS_DIR)/GradeTracker.app/$(BUNDLE_EXECUTABLE_FOLDER_PATH)/GradeTracker";
			};
			name = Debug;
		};
		CAA4E49C2AF88C5800B6863E /* Release */ = {
			isa = XCBuildConfiguration;
			buildSettings = {
				ALWAYS_EMBED_SWIFT_STANDARD_LIBRARIES = YES;
				BUNDLE_LOADER = "$(TEST_HOST)";
				CODE_SIGN_STYLE = Automatic;
				CURRENT_PROJECT_VERSION = 1;
				DEVELOPMENT_TEAM = 327N47HKNQ;
				GENERATE_INFOPLIST_FILE = YES;
				IPHONEOS_DEPLOYMENT_TARGET = 17.0;
				MARKETING_VERSION = 1.0;
				PRODUCT_BUNDLE_IDENTIFIER = com.MaddHatt.GradeTrackerTests;
				PRODUCT_NAME = "$(TARGET_NAME)";
				SWIFT_EMIT_LOC_STRINGS = NO;
				SWIFT_VERSION = 5.0;
				TARGETED_DEVICE_FAMILY = "1,2";
				TEST_HOST = "$(BUILT_PRODUCTS_DIR)/GradeTracker.app/$(BUNDLE_EXECUTABLE_FOLDER_PATH)/GradeTracker";
			};
			name = Release;
		};
		CAA4E49E2AF88C5800B6863E /* Debug */ = {
			isa = XCBuildConfiguration;
			buildSettings = {
				ALWAYS_EMBED_SWIFT_STANDARD_LIBRARIES = YES;
				CODE_SIGN_STYLE = Automatic;
				CURRENT_PROJECT_VERSION = 1;
				DEVELOPMENT_TEAM = 327N47HKNQ;
				GENERATE_INFOPLIST_FILE = YES;
				MARKETING_VERSION = 1.0;
				PRODUCT_BUNDLE_IDENTIFIER = com.MaddHatt.GradeTrackerUITests;
				PRODUCT_NAME = "$(TARGET_NAME)";
				SWIFT_EMIT_LOC_STRINGS = NO;
				SWIFT_VERSION = 5.0;
				TARGETED_DEVICE_FAMILY = "1,2";
				TEST_TARGET_NAME = GradeTracker;
			};
			name = Debug;
		};
		CAA4E49F2AF88C5800B6863E /* Release */ = {
			isa = XCBuildConfiguration;
			buildSettings = {
				ALWAYS_EMBED_SWIFT_STANDARD_LIBRARIES = YES;
				CODE_SIGN_STYLE = Automatic;
				CURRENT_PROJECT_VERSION = 1;
				DEVELOPMENT_TEAM = 327N47HKNQ;
				GENERATE_INFOPLIST_FILE = YES;
				MARKETING_VERSION = 1.0;
				PRODUCT_BUNDLE_IDENTIFIER = com.MaddHatt.GradeTrackerUITests;
				PRODUCT_NAME = "$(TARGET_NAME)";
				SWIFT_EMIT_LOC_STRINGS = NO;
				SWIFT_VERSION = 5.0;
				TARGETED_DEVICE_FAMILY = "1,2";
				TEST_TARGET_NAME = GradeTracker;
			};
			name = Release;
		};
/* End XCBuildConfiguration section */

/* Begin XCConfigurationList section */
		CAA4E4672AF88C5700B6863E /* Build configuration list for PBXProject "GradeTracker" */ = {
			isa = XCConfigurationList;
			buildConfigurations = (
				CAA4E4952AF88C5800B6863E /* Debug */,
				CAA4E4962AF88C5800B6863E /* Release */,
			);
			defaultConfigurationIsVisible = 0;
			defaultConfigurationName = Release;
		};
		CAA4E4972AF88C5800B6863E /* Build configuration list for PBXNativeTarget "GradeTracker" */ = {
			isa = XCConfigurationList;
			buildConfigurations = (
				CAA4E4982AF88C5800B6863E /* Debug */,
				CAA4E4992AF88C5800B6863E /* Release */,
			);
			defaultConfigurationIsVisible = 0;
			defaultConfigurationName = Release;
		};
		CAA4E49A2AF88C5800B6863E /* Build configuration list for PBXNativeTarget "GradeTrackerTests" */ = {
			isa = XCConfigurationList;
			buildConfigurations = (
				CAA4E49B2AF88C5800B6863E /* Debug */,
				CAA4E49C2AF88C5800B6863E /* Release */,
			);
			defaultConfigurationIsVisible = 0;
			defaultConfigurationName = Release;
		};
		CAA4E49D2AF88C5800B6863E /* Build configuration list for PBXNativeTarget "GradeTrackerUITests" */ = {
			isa = XCConfigurationList;
			buildConfigurations = (
				CAA4E49E2AF88C5800B6863E /* Debug */,
				CAA4E49F2AF88C5800B6863E /* Release */,
			);
			defaultConfigurationIsVisible = 0;
			defaultConfigurationName = Release;
		};
/* End XCConfigurationList section */

/* Begin XCVersionGroup section */
		CAA4E47A2AF88C5800B6863E /* GradeTracker.xcdatamodeld */ = {
			isa = XCVersionGroup;
			children = (
				CAA4E47B2AF88C5800B6863E /* GradeTracker.xcdatamodel */,
			);
			currentVersion = CAA4E47B2AF88C5800B6863E /* GradeTracker.xcdatamodel */;
			path = GradeTracker.xcdatamodeld;
			sourceTree = "<group>";
			versionGroupType = wrapper.xcdatamodel;
		};
/* End XCVersionGroup section */
	};
	rootObject = CAA4E4642AF88C5700B6863E /* Project object */;
}
